
Microsoft Visual Studio Solution File, Format Version 12.00
# Visual Studio Version 16
VisualStudioVersion = 16.0.30011.22
MinimumVisualStudioVersion = 10.0.40219.1
Project("{9A19103F-16F7-4668-BE54-9A1E7A4F7556}") = "DapperDatabaseHelper", "DapperDatabaseHelper.csproj", "{36EEAFD5-654C-46AA-9E5C-B87CD673FE12}"
EndProject
Project("{FAE04EC0-301F-11D3-BF4B-00C04F79EFBC}") = "NUnitTestDatabaseDapperHelper", "..\NUnitTestDatabaseDapperHelper\NUnitTestDatabaseDapperHelper\NUnitTestDatabaseDapperHelper.csproj", "{D767F784-09EF-41B7-8241-F30B9422FD06}"
EndProject
Global
	GlobalSection(SolutionConfigurationPlatforms) = preSolution
		Debug|Any CPU = Debug|Any CPU
		Release|Any CPU = Release|Any CPU
	EndGlobalSection
	GlobalSection(ProjectConfigurationPlatforms) = postSolution
		{36EEAFD5-654C-46AA-9E5C-B87CD673FE12}.Debug|Any CPU.ActiveCfg = Debug|Any CPU
		{36EEAFD5-654C-46AA-9E5C-B87CD673FE12}.Debug|Any CPU.Build.0 = Debug|Any CPU
		{36EEAFD5-654C-46AA-9E5C-B87CD673FE12}.Release|Any CPU.ActiveCfg = Release|Any CPU
		{36EEAFD5-654C-46AA-9E5C-B87CD673FE12}.Release|Any CPU.Build.0 = Release|Any CPU
		{D767F784-09EF-41B7-8241-F30B9422FD06}.Debug|Any CPU.ActiveCfg = Debug|Any CPU
		{D767F784-09EF-41B7-8241-F30B9422FD06}.Debug|Any CPU.Build.0 = Debug|Any CPU
		{D767F784-09EF-41B7-8241-F30B9422FD06}.Release|Any CPU.ActiveCfg = Release|Any CPU
		{D767F784-09EF-41B7-8241-F30B9422FD06}.Release|Any CPU.Build.0 = Release|Any CPU
	EndGlobalSection
	GlobalSection(SolutionProperties) = preSolution
		HideSolutionNode = FALSE
	EndGlobalSection
	GlobalSection(ExtensibilityGlobals) = postSolution
		SolutionGuid = {6F517B13-EDB6-4DFC-8323-79F338CFC857}
	EndGlobalSection
EndGlobal
